
Microsoft Visual Studio Solution File, Format Version 12.00
# Visual Studio Version 16
VisualStudioVersion = 25.0.1704.1
MinimumVisualStudioVersion = 10.0.40219.1
Project("{FAE04EC0-301F-11D3-BF4B-00C04F79EFBC}") = "RoutingExample", "RoutingExample\RoutingExample.csproj", "{DE4CA0F6-65AC-44EE-8A72-DB04195BFB96}"
EndProject
Global
	GlobalSection(SolutionConfigurationPlatforms) = preSolution
		Debug|Any CPU = Debug|Any CPU
		Release|Any CPU = Release|Any CPU
	EndGlobalSection
	GlobalSection(ProjectConfigurationPlatforms) = postSolution
		{DE4CA0F6-65AC-44EE-8A72-DB04195BFB96}.Debug|Any CPU.ActiveCfg = Debug|Any CPU
		{DE4CA0F6-65AC-44EE-8A72-DB04195BFB96}.Debug|Any CPU.Build.0 = Debug|Any CPU
		{DE4CA0F6-65AC-44EE-8A72-DB04195BFB96}.Release|Any CPU.ActiveCfg = Release|Any CPU
		{DE4CA0F6-65AC-44EE-8A72-DB04195BFB96}.Release|Any CPU.Build.0 = Release|Any CPU
	EndGlobalSection
	GlobalSection(SolutionProperties) = preSolution
		HideSolutionNode = FALSE
	EndGlobalSection
	GlobalSection(ExtensibilityGlobals) = postSolution
		SolutionGuid = {1EA0966F-8202-4655-BEE9-412F0DED4FDE}
	EndGlobalSection
EndGlobal
